
Microsoft Visual Studio Solution File, Format Version 12.00
# Visual Studio 15
VisualStudioVersion = 15.0.27130.2010
MinimumVisualStudioVersion = 10.0.40219.1
Project("{FAE04EC0-301F-11D3-BF4B-00C04F79EFBC}") = "Admins", "Admins\Admins.csproj", "{D2AF3674-28EA-4780-8EC5-FB00EC4458DA}"
EndProject
Project("{FAE04EC0-301F-11D3-BF4B-00C04F79EFBC}") = "Writers", "Writers\Writers.csproj", "{436F798D-E1C6-4638-9B5A-DB0B1C13223B}"
EndProject
Project("{FAE04EC0-301F-11D3-BF4B-00C04F79EFBC}") = "Readers", "Readers\Readers.csproj", "{5FB79D65-DFAB-4994-9E0C-E08ADD7F5A26}"
EndProject
Project("{FAE04EC0-301F-11D3-BF4B-00C04F79EFBC}") = "Servis", "Servis\Servis.csproj", "{060EAC87-7D4F-466E-B326-F6A8B5F64A64}"
EndProject
Project("{FAE04EC0-301F-11D3-BF4B-00C04F79EFBC}") = "Logger", "Logger\Logger.csproj", "{2A55D937-5484-4DE8-A675-B0432845039B}"
EndProject
Project("{FAE04EC0-301F-11D3-BF4B-00C04F79EFBC}") = "Common", "Common\Common.csproj", "{734B9B60-B0AA-4315-A624-CF486FBD130E}"
EndProject
Project("{FAE04EC0-301F-11D3-BF4B-00C04F79EFBC}") = "CertManager", "Manager\CertManager.csproj", "{F73DDDA5-125E-4D54-8249-0C0874FDDBCD}"
EndProject
Project("{FAE04EC0-301F-11D3-BF4B-00C04F79EFBC}") = "Authorizer", "Authorizer\Authorizer.csproj", "{29F2D9BF-A551-4E79-A16C-232E3A09ECD1}"
EndProject
Project("{FAE04EC0-301F-11D3-BF4B-00C04F79EFBC}") = "DatabaseManager", "DatabaseManager\DatabaseManager.csproj", "{0090F4B7-EBAD-4D2D-8CA7-5ACD87780323}"
EndProject
Project("{FAE04EC0-301F-11D3-BF4B-00C04F79EFBC}") = "Replicator", "Replicator\Replicator.csproj", "{15D3E862-6219-49B0-AF8F-5A16D0448E08}"
EndProject
Global
	GlobalSection(SolutionConfigurationPlatforms) = preSolution
		Debug|Any CPU = Debug|Any CPU
		Release|Any CPU = Release|Any CPU
	EndGlobalSection
	GlobalSection(ProjectConfigurationPlatforms) = postSolution
		{D2AF3674-28EA-4780-8EC5-FB00EC4458DA}.Debug|Any CPU.ActiveCfg = Debug|Any CPU
		{D2AF3674-28EA-4780-8EC5-FB00EC4458DA}.Debug|Any CPU.Build.0 = Debug|Any CPU
		{D2AF3674-28EA-4780-8EC5-FB00EC4458DA}.Release|Any CPU.ActiveCfg = Release|Any CPU
		{D2AF3674-28EA-4780-8EC5-FB00EC4458DA}.Release|Any CPU.Build.0 = Release|Any CPU
		{436F798D-E1C6-4638-9B5A-DB0B1C13223B}.Debug|Any CPU.ActiveCfg = Debug|Any CPU
		{436F798D-E1C6-4638-9B5A-DB0B1C13223B}.Debug|Any CPU.Build.0 = Debug|Any CPU
		{436F798D-E1C6-4638-9B5A-DB0B1C13223B}.Release|Any CPU.ActiveCfg = Release|Any CPU
		{436F798D-E1C6-4638-9B5A-DB0B1C13223B}.Release|Any CPU.Build.0 = Release|Any CPU
		{5FB79D65-DFAB-4994-9E0C-E08ADD7F5A26}.Debug|Any CPU.ActiveCfg = Debug|Any CPU
		{5FB79D65-DFAB-4994-9E0C-E08ADD7F5A26}.Debug|Any CPU.Build.0 = Debug|Any CPU
		{5FB79D65-DFAB-4994-9E0C-E08ADD7F5A26}.Release|Any CPU.ActiveCfg = Release|Any CPU
		{5FB79D65-DFAB-4994-9E0C-E08ADD7F5A26}.Release|Any CPU.Build.0 = Release|Any CPU
		{060EAC87-7D4F-466E-B326-F6A8B5F64A64}.Debug|Any CPU.ActiveCfg = Debug|Any CPU
		{060EAC87-7D4F-466E-B326-F6A8B5F64A64}.Debug|Any CPU.Build.0 = Debug|Any CPU
		{060EAC87-7D4F-466E-B326-F6A8B5F64A64}.Release|Any CPU.ActiveCfg = Release|Any CPU
		{060EAC87-7D4F-466E-B326-F6A8B5F64A64}.Release|Any CPU.Build.0 = Release|Any CPU
		{2A55D937-5484-4DE8-A675-B0432845039B}.Debug|Any CPU.ActiveCfg = Debug|Any CPU
		{2A55D937-5484-4DE8-A675-B0432845039B}.Debug|Any CPU.Build.0 = Debug|Any CPU
		{2A55D937-5484-4DE8-A675-B0432845039B}.Release|Any CPU.ActiveCfg = Release|Any CPU
		{2A55D937-5484-4DE8-A675-B0432845039B}.Release|Any CPU.Build.0 = Release|Any CPU
		{734B9B60-B0AA-4315-A624-CF486FBD130E}.Debug|Any CPU.ActiveCfg = Debug|Any CPU
		{734B9B60-B0AA-4315-A624-CF486FBD130E}.Debug|Any CPU.Build.0 = Debug|Any CPU
		{734B9B60-B0AA-4315-A624-CF486FBD130E}.Release|Any CPU.ActiveCfg = Release|Any CPU
		{734B9B60-B0AA-4315-A624-CF486FBD130E}.Release|Any CPU.Build.0 = Release|Any CPU
		{F73DDDA5-125E-4D54-8249-0C0874FDDBCD}.Debug|Any CPU.ActiveCfg = Debug|Any CPU
		{F73DDDA5-125E-4D54-8249-0C0874FDDBCD}.Debug|Any CPU.Build.0 = Debug|Any CPU
		{F73DDDA5-125E-4D54-8249-0C0874FDDBCD}.Release|Any CPU.ActiveCfg = Release|Any CPU
		{F73DDDA5-125E-4D54-8249-0C0874FDDBCD}.Release|Any CPU.Build.0 = Release|Any CPU
		{29F2D9BF-A551-4E79-A16C-232E3A09ECD1}.Debug|Any CPU.ActiveCfg = Debug|Any CPU
		{29F2D9BF-A551-4E79-A16C-232E3A09ECD1}.Debug|Any CPU.Build.0 = Debug|Any CPU
		{29F2D9BF-A551-4E79-A16C-232E3A09ECD1}.Release|Any CPU.ActiveCfg = Release|Any CPU
		{29F2D9BF-A551-4E79-A16C-232E3A09ECD1}.Release|Any CPU.Build.0 = Release|Any CPU
		{0090F4B7-EBAD-4D2D-8CA7-5ACD87780323}.Debug|Any CPU.ActiveCfg = Debug|Any CPU
		{0090F4B7-EBAD-4D2D-8CA7-5ACD87780323}.Debug|Any CPU.Build.0 = Debug|Any CPU
		{0090F4B7-EBAD-4D2D-8CA7-5ACD87780323}.Release|Any CPU.ActiveCfg = Release|Any CPU
		{0090F4B7-EBAD-4D2D-8CA7-5ACD87780323}.Release|Any CPU.Build.0 = Release|Any CPU
		{15D3E862-6219-49B0-AF8F-5A16D0448E08}.Debug|Any CPU.ActiveCfg = Debug|Any CPU
		{15D3E862-6219-49B0-AF8F-5A16D0448E08}.Debug|Any CPU.Build.0 = Debug|Any CPU
		{15D3E862-6219-49B0-AF8F-5A16D0448E08}.Release|Any CPU.ActiveCfg = Release|Any CPU
		{15D3E862-6219-49B0-AF8F-5A16D0448E08}.Release|Any CPU.Build.0 = Release|Any CPU
	EndGlobalSection
	GlobalSection(SolutionProperties) = preSolution
		HideSolutionNode = FALSE
	EndGlobalSection
	GlobalSection(ExtensibilityGlobals) = postSolution
		SolutionGuid = {FB5ED8D4-EE6F-4C37-9D43-FAE1BCAD8818}
	EndGlobalSection
EndGlobal
